
Microsoft Visual Studio Solution File, Format Version 12.00
# Visual Studio Version 16
VisualStudioVersion = 16.0.31402.337
MinimumVisualStudioVersion = 10.0.40219.1
Project("{9A19103F-16F7-4668-BE54-9A1E7A4F7556}") = "PI-MVC-SQL", "PI-MVC-SQL.csproj", "{2E781BE0-97E1-4623-91CF-6F492B81FD56}"
EndProject
Global
	GlobalSection(SolutionConfigurationPlatforms) = preSolution
		Debug|Any CPU = Debug|Any CPU
		Release|Any CPU = Release|Any CPU
	EndGlobalSection
	GlobalSection(ProjectConfigurationPlatforms) = postSolution
		{2E781BE0-97E1-4623-91CF-6F492B81FD56}.Debug|Any CPU.ActiveCfg = Debug|Any CPU
		{2E781BE0-97E1-4623-91CF-6F492B81FD56}.Debug|Any CPU.Build.0 = Debug|Any CPU
		{2E781BE0-97E1-4623-91CF-6F492B81FD56}.Release|Any CPU.ActiveCfg = Release|Any CPU
		{2E781BE0-97E1-4623-91CF-6F492B81FD56}.Release|Any CPU.Build.0 = Release|Any CPU
	EndGlobalSection
	GlobalSection(SolutionProperties) = preSolution
		HideSolutionNode = FALSE
	EndGlobalSection
	GlobalSection(ExtensibilityGlobals) = postSolution
		SolutionGuid = {1055C082-77D9-43B8-8CAA-F7622BB719B4}
	EndGlobalSection
EndGlobal
